
Microsoft Visual Studio Solution File, Format Version 12.00
# Visual Studio Version 17
VisualStudioVersion = 17.9.34407.89
MinimumVisualStudioVersion = 10.0.40219.1
Project("{2150E333-8FDC-42A3-9474-1A3956D46DE8}") = "FrontEnd", "FrontEnd", "{062D74EC-36C3-4B39-A880-3DE8C1313CDA}"
EndProject
Project("{2150E333-8FDC-42A3-9474-1A3956D46DE8}") = "Gateway", "Gateway", "{1EE0C792-9D5E-407D-A5B7-6B3E73F66A74}"
EndProject
Project("{2150E333-8FDC-42A3-9474-1A3956D46DE8}") = "Integration", "Integration", "{D3428B57-9063-4041-AB57-6BA12FFC762C}"
EndProject
Project("{2150E333-8FDC-42A3-9474-1A3956D46DE8}") = "Services", "Services", "{773C2680-A388-437B-99A5-2B326DEA3A5D}"
EndProject
Project("{9A19103F-16F7-4668-BE54-9A1E7A4F7556}") = "Mango.Services.CouponAPI", "Mango.Services.CouponAPI\Mango.Services.CouponAPI.csproj", "{2BC06644-A5DB-4777-8841-4FAC60E6D873}"
EndProject
Project("{9A19103F-16F7-4668-BE54-9A1E7A4F7556}") = "Mango.Web", "Mango.Web\Mango.Web.csproj", "{F2EF819D-B4F1-4E38-B22E-4EC55FA3F2B3}"
EndProject
Project("{9A19103F-16F7-4668-BE54-9A1E7A4F7556}") = "Mango.Services.AuthAPI", "Mango.Services.AuthAPI\Mango.Services.AuthAPI.csproj", "{DE1F0A1C-E3DA-484E-B915-1A05FFAB07D7}"
EndProject
Project("{9A19103F-16F7-4668-BE54-9A1E7A4F7556}") = "Mango.Services.ProductAPI", "Mango.Services.ProductAPI\Mango.Services.ProductAPI.csproj", "{BD5226A7-68EB-4A07-8754-5A7616956BCD}"
EndProject
Project("{9A19103F-16F7-4668-BE54-9A1E7A4F7556}") = "Mango.Services.ShoppingCartAPI", "Mango.Services.ShoppingCartAPI\Mango.Services.ShoppingCartAPI.csproj", "{30B19780-9E68-4695-B9D5-20F2D55FDEC5}"
EndProject
Project("{9A19103F-16F7-4668-BE54-9A1E7A4F7556}") = "Mango.MessageBus", "Mango.MessageBus\Mango.MessageBus.csproj", "{A8B6A822-8B8D-4838-9EF8-219D3AA6C009}"
EndProject
Project("{9A19103F-16F7-4668-BE54-9A1E7A4F7556}") = "Mango.Services.EmailAPI", "Mango.Services.EmailAPI\Mango.Services.EmailAPI.csproj", "{71518AF5-03AC-4C49-82F8-F4D3E647BFAD}"
EndProject
Project("{9A19103F-16F7-4668-BE54-9A1E7A4F7556}") = "Mango.Services.OrderAPI", "Mango.Services.OrderAPI\Mango.Services.OrderAPI.csproj", "{F1DE69DF-C471-4417-968D-D441B7A3BDF4}"
EndProject
Project("{9A19103F-16F7-4668-BE54-9A1E7A4F7556}") = "Mango.Services.RewardAPI", "Mango.Services.RewardAPI\Mango.Services.RewardAPI.csproj", "{545B4383-5ACB-483A-ADC0-44CC3B98C561}"
EndProject
Project("{FAE04EC0-301F-11D3-BF4B-00C04F79EFBC}") = "Mango.GatewaySolution", "Mango.GatewaySolution\Mango.GatewaySolution.csproj", "{B0769F9D-76C1-406B-863B-5B07F1182355}"
EndProject
Global
	GlobalSection(SolutionConfigurationPlatforms) = preSolution
		Debug|Any CPU = Debug|Any CPU
		Release|Any CPU = Release|Any CPU
	EndGlobalSection
	GlobalSection(ProjectConfigurationPlatforms) = postSolution
		{2BC06644-A5DB-4777-8841-4FAC60E6D873}.Debug|Any CPU.ActiveCfg = Debug|Any CPU
		{2BC06644-A5DB-4777-8841-4FAC60E6D873}.Debug|Any CPU.Build.0 = Debug|Any CPU
		{2BC06644-A5DB-4777-8841-4FAC60E6D873}.Release|Any CPU.ActiveCfg = Release|Any CPU
		{2BC06644-A5DB-4777-8841-4FAC60E6D873}.Release|Any CPU.Build.0 = Release|Any CPU
		{F2EF819D-B4F1-4E38-B22E-4EC55FA3F2B3}.Debug|Any CPU.ActiveCfg = Debug|Any CPU
		{F2EF819D-B4F1-4E38-B22E-4EC55FA3F2B3}.Debug|Any CPU.Build.0 = Debug|Any CPU
		{F2EF819D-B4F1-4E38-B22E-4EC55FA3F2B3}.Release|Any CPU.ActiveCfg = Release|Any CPU
		{F2EF819D-B4F1-4E38-B22E-4EC55FA3F2B3}.Release|Any CPU.Build.0 = Release|Any CPU
		{DE1F0A1C-E3DA-484E-B915-1A05FFAB07D7}.Debug|Any CPU.ActiveCfg = Debug|Any CPU
		{DE1F0A1C-E3DA-484E-B915-1A05FFAB07D7}.Debug|Any CPU.Build.0 = Debug|Any CPU
		{DE1F0A1C-E3DA-484E-B915-1A05FFAB07D7}.Release|Any CPU.ActiveCfg = Release|Any CPU
		{DE1F0A1C-E3DA-484E-B915-1A05FFAB07D7}.Release|Any CPU.Build.0 = Release|Any CPU
		{BD5226A7-68EB-4A07-8754-5A7616956BCD}.Debug|Any CPU.ActiveCfg = Debug|Any CPU
		{BD5226A7-68EB-4A07-8754-5A7616956BCD}.Debug|Any CPU.Build.0 = Debug|Any CPU
		{BD5226A7-68EB-4A07-8754-5A7616956BCD}.Release|Any CPU.ActiveCfg = Release|Any CPU
		{BD5226A7-68EB-4A07-8754-5A7616956BCD}.Release|Any CPU.Build.0 = Release|Any CPU
		{30B19780-9E68-4695-B9D5-20F2D55FDEC5}.Debug|Any CPU.ActiveCfg = Debug|Any CPU
		{30B19780-9E68-4695-B9D5-20F2D55FDEC5}.Debug|Any CPU.Build.0 = Debug|Any CPU
		{30B19780-9E68-4695-B9D5-20F2D55FDEC5}.Release|Any CPU.ActiveCfg = Release|Any CPU
		{30B19780-9E68-4695-B9D5-20F2D55FDEC5}.Release|Any CPU.Build.0 = Release|Any CPU
		{A8B6A822-8B8D-4838-9EF8-219D3AA6C009}.Debug|Any CPU.ActiveCfg = Debug|Any CPU
		{A8B6A822-8B8D-4838-9EF8-219D3AA6C009}.Debug|Any CPU.Build.0 = Debug|Any CPU
		{A8B6A822-8B8D-4838-9EF8-219D3AA6C009}.Release|Any CPU.ActiveCfg = Release|Any CPU
		{A8B6A822-8B8D-4838-9EF8-219D3AA6C009}.Release|Any CPU.Build.0 = Release|Any CPU
		{71518AF5-03AC-4C49-82F8-F4D3E647BFAD}.Debug|Any CPU.ActiveCfg = Debug|Any CPU
		{71518AF5-03AC-4C49-82F8-F4D3E647BFAD}.Debug|Any CPU.Build.0 = Debug|Any CPU
		{71518AF5-03AC-4C49-82F8-F4D3E647BFAD}.Release|Any CPU.ActiveCfg = Release|Any CPU
		{71518AF5-03AC-4C49-82F8-F4D3E647BFAD}.Release|Any CPU.Build.0 = Release|Any CPU
		{F1DE69DF-C471-4417-968D-D441B7A3BDF4}.Debug|Any CPU.ActiveCfg = Debug|Any CPU
		{F1DE69DF-C471-4417-968D-D441B7A3BDF4}.Debug|Any CPU.Build.0 = Debug|Any CPU
		{F1DE69DF-C471-4417-968D-D441B7A3BDF4}.Release|Any CPU.ActiveCfg = Release|Any CPU
		{F1DE69DF-C471-4417-968D-D441B7A3BDF4}.Release|Any CPU.Build.0 = Release|Any CPU
		{545B4383-5ACB-483A-ADC0-44CC3B98C561}.Debug|Any CPU.ActiveCfg = Debug|Any CPU
		{545B4383-5ACB-483A-ADC0-44CC3B98C561}.Debug|Any CPU.Build.0 = Debug|Any CPU
		{545B4383-5ACB-483A-ADC0-44CC3B98C561}.Release|Any CPU.ActiveCfg = Release|Any CPU
		{545B4383-5ACB-483A-ADC0-44CC3B98C561}.Release|Any CPU.Build.0 = Release|Any CPU
		{B0769F9D-76C1-406B-863B-5B07F1182355}.Debug|Any CPU.ActiveCfg = Debug|Any CPU
		{B0769F9D-76C1-406B-863B-5B07F1182355}.Debug|Any CPU.Build.0 = Debug|Any CPU
		{B0769F9D-76C1-406B-863B-5B07F1182355}.Release|Any CPU.ActiveCfg = Release|Any CPU
		{B0769F9D-76C1-406B-863B-5B07F1182355}.Release|Any CPU.Build.0 = Release|Any CPU
	EndGlobalSection
	GlobalSection(SolutionProperties) = preSolution
		HideSolutionNode = FALSE
	EndGlobalSection
	GlobalSection(NestedProjects) = preSolution
		{2BC06644-A5DB-4777-8841-4FAC60E6D873} = {773C2680-A388-437B-99A5-2B326DEA3A5D}
		{F2EF819D-B4F1-4E38-B22E-4EC55FA3F2B3} = {062D74EC-36C3-4B39-A880-3DE8C1313CDA}
		{DE1F0A1C-E3DA-484E-B915-1A05FFAB07D7} = {773C2680-A388-437B-99A5-2B326DEA3A5D}
		{BD5226A7-68EB-4A07-8754-5A7616956BCD} = {773C2680-A388-437B-99A5-2B326DEA3A5D}
		{30B19780-9E68-4695-B9D5-20F2D55FDEC5} = {773C2680-A388-437B-99A5-2B326DEA3A5D}
		{A8B6A822-8B8D-4838-9EF8-219D3AA6C009} = {D3428B57-9063-4041-AB57-6BA12FFC762C}
		{71518AF5-03AC-4C49-82F8-F4D3E647BFAD} = {773C2680-A388-437B-99A5-2B326DEA3A5D}
		{F1DE69DF-C471-4417-968D-D441B7A3BDF4} = {773C2680-A388-437B-99A5-2B326DEA3A5D}
		{545B4383-5ACB-483A-ADC0-44CC3B98C561} = {773C2680-A388-437B-99A5-2B326DEA3A5D}
		{B0769F9D-76C1-406B-863B-5B07F1182355} = {1EE0C792-9D5E-407D-A5B7-6B3E73F66A74}
	EndGlobalSection
	GlobalSection(ExtensibilityGlobals) = postSolution
		SolutionGuid = {9CD2E32D-8720-4884-AA0B-56B0F5787AD4}
	EndGlobalSection
EndGlobal
